<?xml version="1.0" encoding="utf-8"?>
<Project ToolsVersion="4.0" xmlns="http://schemas.microsoft.com/developer/msbuild/2003">
  <ItemGroup>
    <Filter Include="Source Files">
      <UniqueIdentifier>{4FC737F1-C7A5-4376-A066-2A32D752A2FF}</UniqueIdentifier>
      <Extensions>cpp;c;cc;cxx;c++;cppm;ixx;def;odl;idl;hpj;bat;asm;asmx</Extensions>
    </Filter>
    <Filter Include="Header Files">
      <UniqueIdentifier>{93995380-89BD-4b04-88EB-625FBE52EBFB}</UniqueIdentifier>
      <Extensions>h;hh;hpp;hxx;h++;hm;inl;inc;ipp;xsd</Extensions>
    </Filter>
    <Filter Include="Resource Files">
      <UniqueIdentifier>{67DA6AB6-F800-4c08-8B7A-83BB121AAD01}</UniqueIdentifier>
      <Extensions>rc;ico;cur;bmp;dlg;rc2;rct;bin;rgs;gif;jpg;jpeg;jpe;resx;tiff;tif;png;wav;mfcribbon-ms</Extensions>
    </Filter>
  </ItemGroup>
  <ItemGroup>
    <ClCompile Include="Legion.cpp">
      <Filter>Source Files</Filter>
    </ClCompile>
    <ClCompile Include="RpakLib.cpp">
      <Filter>Source Files</Filter>
    </ClCompile>
    <ClCompile Include="VpkLib.cpp">
      <Filter>Source Files</Filter>
    </ClCompile>
    <ClCompile Include="RBspLib.cpp">
      <Filter>Source Files</Filter>
    </ClCompile>
    <ClCompile Include="MilesLib.cpp">
      <Filter>Source Files</Filter>
    </ClCompile>
    <ClCompile Include="Main.cpp">
      <Filter>Source Files</Filter>
    </ClCompile>
    <ClCompile Include="LegionSplash.cpp">
      <Filter>Source Files</Filter>
    </ClCompile>
    <ClCompile Include="LegionTitanfallConverter.cpp">
      <Filter>Source Files</Filter>
    </ClCompile>
    <ClCompile Include="LegionSettings.cpp">
      <Filter>Source Files</Filter>
    </ClCompile>
    <ClCompile Include="LegionProgress.cpp">
      <Filter>Source Files</Filter>
    </ClCompile>
    <ClCompile Include="LegionPreview.cpp">
      <Filter>Source Files</Filter>
    </ClCompile>
    <ClCompile Include="LegionMain.cpp">
      <Filter>Source Files</Filter>
    </ClCompile>
    <ClCompile Include="ExportManager.cpp">
      <Filter>Source Files</Filter>
    </ClCompile>
    <ClCompile Include="ApexAsset.cpp">
      <Filter>Source Files</Filter>
    </ClCompile>
    <ClCompile Include="RpakDecompress.cpp">
      <Filter>Source Files</Filter>
    </ClCompile>
    <ClCompile Include="RpakDecompressSnowflake.cpp">
      <Filter>Source Files</Filter>
    </ClCompile>
    <ClCompile Include="RpakAnimDecompress.cpp">
      <Filter>Source Files</Filter>
    </ClCompile>
    <ClCompile Include="rtech.cpp">
      <Filter>Source Files</Filter>
    </ClCompile>
  </ItemGroup>
  <ItemGroup>
    <ClInclude Include="resource.h">
      <Filter>Header Files</Filter>
    </ClInclude>
    <ClInclude Include="VpkLib.h">
      <Filter>Header Files</Filter>
    </ClInclude>
    <ClInclude Include="RpakLib.h">
      <Filter>Header Files</Filter>
    </ClInclude>
    <ClInclude Include="RpakAssets.h">
      <Filter>Header Files</Filter>
    </ClInclude>
    <ClInclude Include="RpakImageTiles.h">
      <Filter>Header Files</Filter>
    </ClInclude>
    <ClInclude Include="RBspLib.h">
      <Filter>Header Files</Filter>
    </ClInclude>
    <ClInclude Include="MilesLib.h">
      <Filter>Header Files</Filter>
    </ClInclude>
    <ClInclude Include="LegionTitanfallConverter.h">
      <Filter>Header Files</Filter>
    </ClInclude>
    <ClInclude Include="LegionSplash.h">
      <Filter>Header Files</Filter>
    </ClInclude>
    <ClInclude Include="LegionSettings.h">
      <Filter>Header Files</Filter>
    </ClInclude>
    <ClInclude Include="LegionPreview.h">
      <Filter>Header Files</Filter>
    </ClInclude>
    <ClInclude Include="LegionProgress.h">
      <Filter>Header Files</Filter>
    </ClInclude>
    <ClInclude Include="LegionMain.h">
      <Filter>Header Files</Filter>
    </ClInclude>
    <ClInclude Include="ExportManager.h">
      <Filter>Header Files</Filter>
    </ClInclude>
    <ClInclude Include="ApexAsset.h">
      <Filter>Header Files</Filter>
    </ClInclude>
    <ClInclude Include="ExportAsset.h">
      <Filter>Header Files</Filter>
    </ClInclude>
    <ClInclude Include="RpakDecompress.h">
      <Filter>Header Files</Filter>
    </ClInclude>
    <ClInclude Include="RpakDecompressSnowflake.h">
      <Filter>Header Files</Filter>
    </ClInclude>
    <ClInclude Include="RpakAnimDecompress.h">
      <Filter>Header Files</Filter>
    </ClInclude>
    <ClInclude Include="rtech.h">
      <Filter>Header Files</Filter>
    </ClInclude>
  </ItemGroup>
</Project>