<?xml version="1.0" encoding="utf-8"?>
<Project ToolsVersion="4.0" xmlns="http://schemas.microsoft.com/developer/msbuild/2003">
  <ItemGroup>
    <Filter Include="Miles">
      <UniqueIdentifier>{40db7276-b9ff-4b26-94d2-9dafe6317cdc}</UniqueIdentifier>
    </Filter>
    <Filter Include="Legion">
      <UniqueIdentifier>{4adac555-ff17-4801-8d18-d0bf34cafea1}</UniqueIdentifier>
    </Filter>
    <Filter Include="Legion\Main">
      <UniqueIdentifier>{4028e0e9-cfed-4f20-840c-cb8f35400108}</UniqueIdentifier>
    </Filter>
    <Filter Include="Legion\UI">
      <UniqueIdentifier>{67f8e4f0-3227-4208-bbce-8d0ef26dc57a}</UniqueIdentifier>
    </Filter>
    <Filter Include="VPK">
      <UniqueIdentifier>{170ac90b-2b2a-4217-8d72-626bc1a423c4}</UniqueIdentifier>
    </Filter>
    <Filter Include="RPak">
      <UniqueIdentifier>{3cea731c-f915-4ff8-a8c9-67e9c01b2f9b}</UniqueIdentifier>
    </Filter>
    <Filter Include="Legion\Core">
      <UniqueIdentifier>{2ad5041f-9602-4aa4-ac5c-3d94598651ec}</UniqueIdentifier>
    </Filter>
    <Filter Include="MDL">
      <UniqueIdentifier>{c16cd7d3-8ed9-486e-a5e9-03cd17943bbd}</UniqueIdentifier>
    </Filter>
    <Filter Include="Legion\Preview">
      <UniqueIdentifier>{72c346a6-6ed2-46f8-a4c3-489f7b11a713}</UniqueIdentifier>
    </Filter>
    <Filter Include="RPak\Assets">
      <UniqueIdentifier>{1d655a94-b625-497a-ac5a-d9484a7c36c4}</UniqueIdentifier>
    </Filter>
    <Filter Include="bsplib">
      <UniqueIdentifier>{f59c98a7-f049-459a-b95c-b439ba81ba60}</UniqueIdentifier>
    </Filter>
    <Filter Include="bsplib\games">
      <UniqueIdentifier>{ea19d614-6142-4a5f-a7c6-8d36427be121}</UniqueIdentifier>
    </Filter>
  </ItemGroup>
  <ItemGroup>
    <ClCompile Include="src\ApexAsset.cpp">
      <Filter>Legion\Core</Filter>
    </ClCompile>
    <ClCompile Include="src\CommandLine.cpp">
      <Filter>Legion\Main</Filter>
    </ClCompile>
    <ClCompile Include="src\Main.cpp">
      <Filter>Legion\Main</Filter>
    </ClCompile>
    <ClCompile Include="src\LegionMain.cpp">
      <Filter>Legion\Main</Filter>
    </ClCompile>
    <ClCompile Include="src\Logger.cpp">
      <Filter>Legion\Core</Filter>
    </ClCompile>
    <ClCompile Include="src\ExportManager.cpp">
      <Filter>Legion\Core</Filter>
    </ClCompile>
    <ClCompile Include="src\Utils.cpp">
      <Filter>Legion\Core</Filter>
    </ClCompile>
    <ClCompile Include="src\pch.cpp">
      <Filter>Legion\Core</Filter>
    </ClCompile>
    <ClCompile Include="src\LegionTablePreview.cpp">
      <Filter>Legion\Preview</Filter>
    </ClCompile>
    <ClCompile Include="src\LegionPreview.cpp">
      <Filter>Legion\Preview</Filter>
    </ClCompile>
    <ClCompile Include="src\LegionProgress.cpp">
      <Filter>Legion\UI</Filter>
    </ClCompile>
    <ClCompile Include="src\LegionSettings.cpp">
      <Filter>Legion\UI</Filter>
    </ClCompile>
    <ClCompile Include="src\LegionSplash.cpp">
      <Filter>Legion\UI</Filter>
    </ClCompile>
    <ClCompile Include="src\LegionTitanfallConverter.cpp">
      <Filter>Legion\UI</Filter>
    </ClCompile>
    <ClCompile Include="src\MdlLib.cpp">
      <Filter>MDL</Filter>
    </ClCompile>
    <ClCompile Include="src\RpakAssetPreview.cpp">
      <Filter>RPak</Filter>
    </ClCompile>
    <ClCompile Include="src\RpakLib.cpp">
      <Filter>RPak</Filter>
    </ClCompile>
    <ClCompile Include="src\rtech.cpp">
      <Filter>RPak</Filter>
    </ClCompile>
    <ClCompile Include="src\VpkLib.cpp">
      <Filter>VPK</Filter>
    </ClCompile>
    <ClCompile Include="src\bsplib.cpp">
      <Filter>bsplib</Filter>
    </ClCompile>
    <ClCompile Include="src\MilesLib.cpp">
      <Filter>Miles</Filter>
    </ClCompile>
    <ClCompile Include="src\Assets\model.cpp">
      <Filter>RPak\Assets</Filter>
    </ClCompile>
    <ClCompile Include="src\Assets\material.cpp">
      <Filter>RPak\Assets</Filter>
    </ClCompile>
    <ClCompile Include="src\Assets\texture.cpp">
      <Filter>RPak\Assets</Filter>
    </ClCompile>
    <ClCompile Include="src\Assets\uiia.cpp">
      <Filter>RPak\Assets</Filter>
    </ClCompile>
    <ClCompile Include="src\Assets\animation.cpp">
      <Filter>RPak\Assets</Filter>
    </ClCompile>
    <ClCompile Include="src\Assets\datatable.cpp">
      <Filter>RPak\Assets</Filter>
    </ClCompile>
    <ClCompile Include="src\Assets\subtitles.cpp">
      <Filter>RPak\Assets</Filter>
    </ClCompile>
    <ClCompile Include="src\Assets\shader.cpp">
      <Filter>RPak\Assets</Filter>
    </ClCompile>
    <ClCompile Include="src\Assets\uimg.cpp">
      <Filter>RPak\Assets</Filter>
    </ClCompile>
    <ClCompile Include="src\assets\settings.cpp">
      <Filter>RPak\Assets</Filter>
    </ClCompile>
    <ClCompile Include="src\assets\rson.cpp">
      <Filter>RPak\Assets</Filter>
    </ClCompile>
    <ClCompile Include="src\Assets\qc.cpp">
      <Filter>RPak\Assets</Filter>
    </ClCompile>
    <ClCompile Include="src\Assets\rui.cpp">
      <Filter>RPak\Assets</Filter>
    </ClCompile>
    <ClCompile Include="src\Assets\rmap.cpp">
      <Filter>RPak\Assets</Filter>
    </ClCompile>
    <ClCompile Include="src\Assets\effect.cpp">
      <Filter>RPak\Assets</Filter>
    </ClCompile>
    <ClCompile Include="src\bsplib\games\bsp_apexlegends.cpp">
      <Filter>bsplib\games</Filter>
    </ClCompile>
    <ClCompile Include="src\bsplib\games\bsp_titanfall2.cpp">
      <Filter>bsplib\games</Filter>
    </ClCompile>
  </ItemGroup>
  <ItemGroup>
    <ClInclude Include="MilesLib.h">
      <Filter>Miles</Filter>
    </ClInclude>
    <ClInclude Include="rtech.h">
      <Filter>RPak</Filter>
    </ClInclude>
    <ClInclude Include="RpakLib.h">
      <Filter>RPak</Filter>
    </ClInclude>
    <ClInclude Include="RpakImageTiles.h">
      <Filter>RPak</Filter>
    </ClInclude>
    <ClInclude Include="RpakAssets.h">
      <Filter>RPak</Filter>
    </ClInclude>
    <ClInclude Include="CommandLine.h">
      <Filter>Legion\Main</Filter>
    </ClInclude>
    <ClInclude Include="LegionMain.h">
      <Filter>Legion\Main</Filter>
    </ClInclude>
    <ClInclude Include="LegionProgress.h">
      <Filter>Legion\UI</Filter>
    </ClInclude>
    <ClInclude Include="LegionSettings.h">
      <Filter>Legion\UI</Filter>
    </ClInclude>
    <ClInclude Include="LegionSplash.h">
      <Filter>Legion\UI</Filter>
    </ClInclude>
    <ClInclude Include="LegionTitanfallConverter.h">
      <Filter>Legion\UI</Filter>
    </ClInclude>
    <ClInclude Include="resource.h">
      <Filter>Legion\Main</Filter>
    </ClInclude>
    <ClInclude Include="ApexAsset.h">
      <Filter>Legion\Core</Filter>
    </ClInclude>
    <ClInclude Include="ExportAsset.h">
      <Filter>Legion\Core</Filter>
    </ClInclude>
    <ClInclude Include="ExportManager.h">
      <Filter>Legion\Core</Filter>
    </ClInclude>
    <ClInclude Include="basetypes.h">
      <Filter>Legion\Core</Filter>
    </ClInclude>
    <ClInclude Include="MdlLib.h">
      <Filter>MDL</Filter>
    </ClInclude>
    <ClInclude Include="pch.h">
      <Filter>Legion\Core</Filter>
    </ClInclude>
    <ClInclude Include="VpkLib.h">
      <Filter>VPK</Filter>
    </ClInclude>
    <ClInclude Include="Utils.h">
      <Filter>Legion\Core</Filter>
    </ClInclude>
    <ClInclude Include="Logger.h">
      <Filter>Legion\Core</Filter>
    </ClInclude>
    <ClInclude Include="LegionPreview.h">
      <Filter>Legion\Preview</Filter>
    </ClInclude>
    <ClInclude Include="LegionTablePreview.h">
      <Filter>Legion\Preview</Filter>
    </ClInclude>
    <ClInclude Include="version.h">
      <Filter>Legion\Main</Filter>
    </ClInclude>
    <ClInclude Include="rmdlstructs.h">
      <Filter>MDL</Filter>
    </ClInclude>
    <ClInclude Include="animtypes.h">
      <Filter>MDL</Filter>
    </ClInclude>
    <ClInclude Include="bsplib.h">
      <Filter>bsplib</Filter>
    </ClInclude>
  </ItemGroup>
  <ItemGroup>
    <ResourceCompile Include="Legion.rc">
      <Filter>Legion</Filter>
    </ResourceCompile>
  </ItemGroup>
  <ItemGroup>
    <Image Include="..\Resources\LegionIcon.ico" />
    <Image Include="..\Resources\SplashImage.jpg" />
  </ItemGroup>
</Project>